
Microsoft Visual Studio Solution File, Format Version 12.00
# Visual Studio 15
VisualStudioVersion = 15.0.26430.12
MinimumVisualStudioVersion = 10.0.40219.1
Project("{FAE04EC0-301F-11D3-BF4B-00C04F79EFBC}") = "LeafGreen.WebApi", "LeafGreen.WebApi\LeafGreen.WebApi.csproj", "{1AA6C83D-3F9E-4DF4-A701-3CA2B8CCFD84}"
EndProject
Project("{FAE04EC0-301F-11D3-BF4B-00C04F79EFBC}") = "LeafGreen.Infrastructure", "LeafGreen.Infrastructure\LeafGreen.Infrastructure.csproj", "{197C6536-98D3-44AF-A9B9-0BBA6E642730}"
EndProject
Project("{FAE04EC0-301F-11D3-BF4B-00C04F79EFBC}") = "LeafGreen.Repositories", "LeafGreen.Repositories\LeafGreen.Repositories.csproj", "{F4A89C5F-C6E4-4055-91E9-BBF34A61A5A6}"
EndProject
Project("{FAE04EC0-301F-11D3-BF4B-00C04F79EFBC}") = "LeafGreen.Entities", "LeafGreen.Entities\LeafGreen.Entities.csproj", "{DFAE6C8D-7C4B-439F-8871-FF65455ECF24}"
EndProject
Project("{FAE04EC0-301F-11D3-BF4B-00C04F79EFBC}") = "LeafGreen.SqlProviders", "LeafGreen.SqlProviders\LeafGreen.SqlProviders.csproj", "{4CF05F12-C436-4431-A55E-68E5591332B1}"
EndProject
Project("{FAE04EC0-301F-11D3-BF4B-00C04F79EFBC}") = "LeafGreen.Autofac", "LeafGreen.Autofac\LeafGreen.Autofac.csproj", "{50AFC80C-33FA-42F9-96D1-559F9E444706}"
EndProject
Project("{00D1A9C2-B5F0-4AF3-8072-F6C62B433612}") = "LeafGreenDb", "LeafGreenDb\LeafGreenDb.sqlproj", "{FA8C6C56-72B8-40C6-BA49-A13A27CEDE6A}"
EndProject
Project("{FAE04EC0-301F-11D3-BF4B-00C04F79EFBC}") = "LeafGreen.Import", "LeafGreen.Import\LeafGreen.Import.csproj", "{734AA132-C0E8-493B-8601-DAEAC0801837}"
EndProject
Global
	GlobalSection(SolutionConfigurationPlatforms) = preSolution
		Debug|Any CPU = Debug|Any CPU
		Release|Any CPU = Release|Any CPU
	EndGlobalSection
	GlobalSection(ProjectConfigurationPlatforms) = postSolution
		{1AA6C83D-3F9E-4DF4-A701-3CA2B8CCFD84}.Debug|Any CPU.ActiveCfg = Debug|Any CPU
		{1AA6C83D-3F9E-4DF4-A701-3CA2B8CCFD84}.Debug|Any CPU.Build.0 = Debug|Any CPU
		{1AA6C83D-3F9E-4DF4-A701-3CA2B8CCFD84}.Release|Any CPU.ActiveCfg = Release|Any CPU
		{1AA6C83D-3F9E-4DF4-A701-3CA2B8CCFD84}.Release|Any CPU.Build.0 = Release|Any CPU
		{197C6536-98D3-44AF-A9B9-0BBA6E642730}.Debug|Any CPU.ActiveCfg = Debug|Any CPU
		{197C6536-98D3-44AF-A9B9-0BBA6E642730}.Debug|Any CPU.Build.0 = Debug|Any CPU
		{197C6536-98D3-44AF-A9B9-0BBA6E642730}.Release|Any CPU.ActiveCfg = Release|Any CPU
		{197C6536-98D3-44AF-A9B9-0BBA6E642730}.Release|Any CPU.Build.0 = Release|Any CPU
		{F4A89C5F-C6E4-4055-91E9-BBF34A61A5A6}.Debug|Any CPU.ActiveCfg = Debug|Any CPU
		{F4A89C5F-C6E4-4055-91E9-BBF34A61A5A6}.Debug|Any CPU.Build.0 = Debug|Any CPU
		{F4A89C5F-C6E4-4055-91E9-BBF34A61A5A6}.Release|Any CPU.ActiveCfg = Release|Any CPU
		{F4A89C5F-C6E4-4055-91E9-BBF34A61A5A6}.Release|Any CPU.Build.0 = Release|Any CPU
		{DFAE6C8D-7C4B-439F-8871-FF65455ECF24}.Debug|Any CPU.ActiveCfg = Debug|Any CPU
		{DFAE6C8D-7C4B-439F-8871-FF65455ECF24}.Debug|Any CPU.Build.0 = Debug|Any CPU
		{DFAE6C8D-7C4B-439F-8871-FF65455ECF24}.Release|Any CPU.ActiveCfg = Release|Any CPU
		{DFAE6C8D-7C4B-439F-8871-FF65455ECF24}.Release|Any CPU.Build.0 = Release|Any CPU
		{4CF05F12-C436-4431-A55E-68E5591332B1}.Debug|Any CPU.ActiveCfg = Debug|Any CPU
		{4CF05F12-C436-4431-A55E-68E5591332B1}.Debug|Any CPU.Build.0 = Debug|Any CPU
		{4CF05F12-C436-4431-A55E-68E5591332B1}.Release|Any CPU.ActiveCfg = Release|Any CPU
		{4CF05F12-C436-4431-A55E-68E5591332B1}.Release|Any CPU.Build.0 = Release|Any CPU
		{50AFC80C-33FA-42F9-96D1-559F9E444706}.Debug|Any CPU.ActiveCfg = Debug|Any CPU
		{50AFC80C-33FA-42F9-96D1-559F9E444706}.Debug|Any CPU.Build.0 = Debug|Any CPU
		{50AFC80C-33FA-42F9-96D1-559F9E444706}.Release|Any CPU.ActiveCfg = Release|Any CPU
		{50AFC80C-33FA-42F9-96D1-559F9E444706}.Release|Any CPU.Build.0 = Release|Any CPU
		{FA8C6C56-72B8-40C6-BA49-A13A27CEDE6A}.Debug|Any CPU.ActiveCfg = Debug|Any CPU
		{FA8C6C56-72B8-40C6-BA49-A13A27CEDE6A}.Debug|Any CPU.Build.0 = Debug|Any CPU
		{FA8C6C56-72B8-40C6-BA49-A13A27CEDE6A}.Debug|Any CPU.Deploy.0 = Debug|Any CPU
		{FA8C6C56-72B8-40C6-BA49-A13A27CEDE6A}.Release|Any CPU.ActiveCfg = Release|Any CPU
		{FA8C6C56-72B8-40C6-BA49-A13A27CEDE6A}.Release|Any CPU.Build.0 = Release|Any CPU
		{FA8C6C56-72B8-40C6-BA49-A13A27CEDE6A}.Release|Any CPU.Deploy.0 = Release|Any CPU
		{734AA132-C0E8-493B-8601-DAEAC0801837}.Debug|Any CPU.ActiveCfg = Debug|Any CPU
		{734AA132-C0E8-493B-8601-DAEAC0801837}.Debug|Any CPU.Build.0 = Debug|Any CPU
		{734AA132-C0E8-493B-8601-DAEAC0801837}.Release|Any CPU.ActiveCfg = Release|Any CPU
		{734AA132-C0E8-493B-8601-DAEAC0801837}.Release|Any CPU.Build.0 = Release|Any CPU
	EndGlobalSection
	GlobalSection(SolutionProperties) = preSolution
		HideSolutionNode = FALSE
	EndGlobalSection
EndGlobal
