
Microsoft Visual Studio Solution File, Format Version 12.00
# Visual Studio 15
VisualStudioVersion = 15.0.26430.6
MinimumVisualStudioVersion = 10.0.40219.1
Project("{FAE04EC0-301F-11D3-BF4B-00C04F79EFBC}") = "LeafGreen.WebApi", "LeafGreen.WebApi\LeafGreen.WebApi.csproj", "{61511B26-97C0-459D-827D-66DCDEC7B088}"
EndProject
Project("{FAE04EC0-301F-11D3-BF4B-00C04F79EFBC}") = "LeafGreen.Entities", "..\LeafGreen.Entities\LeafGreen.Entities.csproj", "{3117F3AA-91E2-49E1-BCF2-AE6E415DCC04}"
EndProject
Project("{FAE04EC0-301F-11D3-BF4B-00C04F79EFBC}") = "LeafGreen.Infrastructure", "LeafGreen.Infrastructure\LeafGreen.Infrastructure.csproj", "{F7F87B67-1570-473F-BEF9-A3C700D22FC8}"
EndProject
Project("{FAE04EC0-301F-11D3-BF4B-00C04F79EFBC}") = "LeafGreen.Repositories", "LeafGreen.Repositories\LeafGreen.Repositories.csproj", "{01552A11-B2E0-464F-B4EA-7A313C800F7A}"
EndProject
Project("{FAE04EC0-301F-11D3-BF4B-00C04F79EFBC}") = "LeafGreen.Autofac", "LeafGreen.Autofac\LeafGreen.Autofac.csproj", "{D6EA7D97-BB48-4AD8-B5B0-0DA30E6A3736}"
EndProject
Global
	GlobalSection(SolutionConfigurationPlatforms) = preSolution
		Debug|Any CPU = Debug|Any CPU
		Release|Any CPU = Release|Any CPU
	EndGlobalSection
	GlobalSection(ProjectConfigurationPlatforms) = postSolution
		{61511B26-97C0-459D-827D-66DCDEC7B088}.Debug|Any CPU.ActiveCfg = Debug|Any CPU
		{61511B26-97C0-459D-827D-66DCDEC7B088}.Debug|Any CPU.Build.0 = Debug|Any CPU
		{61511B26-97C0-459D-827D-66DCDEC7B088}.Release|Any CPU.ActiveCfg = Release|Any CPU
		{61511B26-97C0-459D-827D-66DCDEC7B088}.Release|Any CPU.Build.0 = Release|Any CPU
		{3117F3AA-91E2-49E1-BCF2-AE6E415DCC04}.Debug|Any CPU.ActiveCfg = Debug|Any CPU
		{3117F3AA-91E2-49E1-BCF2-AE6E415DCC04}.Debug|Any CPU.Build.0 = Debug|Any CPU
		{3117F3AA-91E2-49E1-BCF2-AE6E415DCC04}.Release|Any CPU.ActiveCfg = Release|Any CPU
		{3117F3AA-91E2-49E1-BCF2-AE6E415DCC04}.Release|Any CPU.Build.0 = Release|Any CPU
		{F7F87B67-1570-473F-BEF9-A3C700D22FC8}.Debug|Any CPU.ActiveCfg = Debug|Any CPU
		{F7F87B67-1570-473F-BEF9-A3C700D22FC8}.Debug|Any CPU.Build.0 = Debug|Any CPU
		{F7F87B67-1570-473F-BEF9-A3C700D22FC8}.Release|Any CPU.ActiveCfg = Release|Any CPU
		{F7F87B67-1570-473F-BEF9-A3C700D22FC8}.Release|Any CPU.Build.0 = Release|Any CPU
		{01552A11-B2E0-464F-B4EA-7A313C800F7A}.Debug|Any CPU.ActiveCfg = Debug|Any CPU
		{01552A11-B2E0-464F-B4EA-7A313C800F7A}.Debug|Any CPU.Build.0 = Debug|Any CPU
		{01552A11-B2E0-464F-B4EA-7A313C800F7A}.Release|Any CPU.ActiveCfg = Release|Any CPU
		{01552A11-B2E0-464F-B4EA-7A313C800F7A}.Release|Any CPU.Build.0 = Release|Any CPU
		{D6EA7D97-BB48-4AD8-B5B0-0DA30E6A3736}.Debug|Any CPU.ActiveCfg = Debug|Any CPU
		{D6EA7D97-BB48-4AD8-B5B0-0DA30E6A3736}.Debug|Any CPU.Build.0 = Debug|Any CPU
		{D6EA7D97-BB48-4AD8-B5B0-0DA30E6A3736}.Release|Any CPU.ActiveCfg = Release|Any CPU
		{D6EA7D97-BB48-4AD8-B5B0-0DA30E6A3736}.Release|Any CPU.Build.0 = Release|Any CPU
	EndGlobalSection
	GlobalSection(SolutionProperties) = preSolution
		HideSolutionNode = FALSE
	EndGlobalSection
EndGlobal
